
Microsoft Visual Studio Solution File, Format Version 12.00
# Visual Studio Version 16
VisualStudioVersion = 16.0.32510.428
MinimumVisualStudioVersion = 10.0.40219.1
Project("{FAE04EC0-301F-11D3-BF4B-00C04F79EFBC}") = "SalesWebMVC", "SalesWebMVC\SalesWebMVC.csproj", "{685336BC-09A5-4C66-A4FB-E029C6ED5F5A}"
EndProject
Global
	GlobalSection(SolutionConfigurationPlatforms) = preSolution
		Debug|Any CPU = Debug|Any CPU
		Release|Any CPU = Release|Any CPU
	EndGlobalSection
	GlobalSection(ProjectConfigurationPlatforms) = postSolution
		{685336BC-09A5-4C66-A4FB-E029C6ED5F5A}.Debug|Any CPU.ActiveCfg = Debug|Any CPU
		{685336BC-09A5-4C66-A4FB-E029C6ED5F5A}.Debug|Any CPU.Build.0 = Debug|Any CPU
		{685336BC-09A5-4C66-A4FB-E029C6ED5F5A}.Release|Any CPU.ActiveCfg = Release|Any CPU
		{685336BC-09A5-4C66-A4FB-E029C6ED5F5A}.Release|Any CPU.Build.0 = Release|Any CPU
	EndGlobalSection
	GlobalSection(SolutionProperties) = preSolution
		HideSolutionNode = FALSE
	EndGlobalSection
	GlobalSection(ExtensibilityGlobals) = postSolution
		SolutionGuid = {B2F3C5C9-F55B-4F98-B7B0-A1203BA6B4C6}
	EndGlobalSection
EndGlobal
